
Microsoft Visual Studio Solution File, Format Version 12.00
# Visual Studio Version 17
VisualStudioVersion = 17.6.33815.320
MinimumVisualStudioVersion = 10.0.40219.1
Project("{FAE04EC0-301F-11D3-BF4B-00C04F79EFBC}") = "CinemaAdminApplication", "CinemaAdminApplication\CinemaAdminApplication.csproj", "{D22A1E31-3D5D-4126-AC77-39EDFFC8FDA2}"
EndProject
Global
	GlobalSection(SolutionConfigurationPlatforms) = preSolution
		Debug|Any CPU = Debug|Any CPU
		Release|Any CPU = Release|Any CPU
	EndGlobalSection
	GlobalSection(ProjectConfigurationPlatforms) = postSolution
		{D22A1E31-3D5D-4126-AC77-39EDFFC8FDA2}.Debug|Any CPU.ActiveCfg = Debug|Any CPU
		{D22A1E31-3D5D-4126-AC77-39EDFFC8FDA2}.Debug|Any CPU.Build.0 = Debug|Any CPU
		{D22A1E31-3D5D-4126-AC77-39EDFFC8FDA2}.Release|Any CPU.ActiveCfg = Release|Any CPU
		{D22A1E31-3D5D-4126-AC77-39EDFFC8FDA2}.Release|Any CPU.Build.0 = Release|Any CPU
	EndGlobalSection
	GlobalSection(SolutionProperties) = preSolution
		HideSolutionNode = FALSE
	EndGlobalSection
	GlobalSection(ExtensibilityGlobals) = postSolution
		SolutionGuid = {E15CCBE7-28F7-4C83-86BD-7EBE9B24B8BE}
	EndGlobalSection
EndGlobal
